
Microsoft Visual Studio Solution File, Format Version 12.00
# Visual Studio Version 17
VisualStudioVersion = 17.12.35514.174 d17.12
MinimumVisualStudioVersion = 10.0.40219.1
Project("{FAE04EC0-301F-11D3-BF4B-00C04F79EFBC}") = "C_Sharp_Marks_Calculation", "C_Sharp_Marks_Calculation.csproj", "{E8A8E253-1B9E-4A5E-B2C2-1539EFDB568E}"
EndProject
Global
	GlobalSection(SolutionConfigurationPlatforms) = preSolution
		Debug|Any CPU = Debug|Any CPU
		Release|Any CPU = Release|Any CPU
	EndGlobalSection
	GlobalSection(ProjectConfigurationPlatforms) = postSolution
		{E8A8E253-1B9E-4A5E-B2C2-1539EFDB568E}.Debug|Any CPU.ActiveCfg = Debug|Any CPU
		{E8A8E253-1B9E-4A5E-B2C2-1539EFDB568E}.Debug|Any CPU.Build.0 = Debug|Any CPU
		{E8A8E253-1B9E-4A5E-B2C2-1539EFDB568E}.Release|Any CPU.ActiveCfg = Release|Any CPU
		{E8A8E253-1B9E-4A5E-B2C2-1539EFDB568E}.Release|Any CPU.Build.0 = Release|Any CPU
	EndGlobalSection
	GlobalSection(SolutionProperties) = preSolution
		HideSolutionNode = FALSE
	EndGlobalSection
EndGlobal
